
Microsoft Visual Studio Solution File, Format Version 12.00
# Visual Studio 14
VisualStudioVersion = 14.0.23107.0
MinimumVisualStudioVersion = 10.0.40219.1
Project("{FAE04EC0-301F-11D3-BF4B-00C04F79EFBC}") = "MMDLipCore", "MMDLipCore\MMDLipCore.csproj", "{1E9AFFFD-E67A-4E18-B1BB-7C661C1B7632}"
EndProject
Project("{FAE04EC0-301F-11D3-BF4B-00C04F79EFBC}") = "ruche.wpf", "ruche.wpf\ruche.wpf.csproj", "{A5DC2BBD-74FD-45DF-9352-D017AE45B02D}"
EndProject
Global
	GlobalSection(SolutionConfigurationPlatforms) = preSolution
		Debug|Any CPU = Debug|Any CPU
		Release|Any CPU = Release|Any CPU
	EndGlobalSection
	GlobalSection(ProjectConfigurationPlatforms) = postSolution
		{1E9AFFFD-E67A-4E18-B1BB-7C661C1B7632}.Debug|Any CPU.ActiveCfg = Debug|Any CPU
		{1E9AFFFD-E67A-4E18-B1BB-7C661C1B7632}.Debug|Any CPU.Build.0 = Debug|Any CPU
		{1E9AFFFD-E67A-4E18-B1BB-7C661C1B7632}.Release|Any CPU.ActiveCfg = Release|Any CPU
		{1E9AFFFD-E67A-4E18-B1BB-7C661C1B7632}.Release|Any CPU.Build.0 = Release|Any CPU
		{A5DC2BBD-74FD-45DF-9352-D017AE45B02D}.Debug|Any CPU.ActiveCfg = Debug|Any CPU
		{A5DC2BBD-74FD-45DF-9352-D017AE45B02D}.Debug|Any CPU.Build.0 = Debug|Any CPU
		{A5DC2BBD-74FD-45DF-9352-D017AE45B02D}.Release|Any CPU.ActiveCfg = Release|Any CPU
		{A5DC2BBD-74FD-45DF-9352-D017AE45B02D}.Release|Any CPU.Build.0 = Release|Any CPU
	EndGlobalSection
	GlobalSection(SolutionProperties) = preSolution
		HideSolutionNode = FALSE
	EndGlobalSection
EndGlobal
